
Microsoft Visual Studio Solution File, Format Version 12.00
# Visual Studio Version 17
VisualStudioVersion = 17.8.34511.84
MinimumVisualStudioVersion = 10.0.40219.1
Project("{2150E333-8FDC-42A3-9474-1A3956D46DE8}") = "DreamWorld", "DreamWorld", "{F8081BB5-358A-40DB-B33F-2790DF5A2BF2}"
EndProject
Project("{2150E333-8FDC-42A3-9474-1A3956D46DE8}") = "ServerCommon_LIB", "ServerCommon_LIB", "{FF517DEC-356A-4834-9625-8220312F25A0}"
EndProject
Project("{8BC9CEB8-8B4A-11D0-8D11-00A0C91BC942}") = "Utility", "ServerCommon_LIB\Utility\Utility.vcxproj", "{E597FA08-2B9B-4DDC-A12C-9151A02C9863}"
EndProject
Project("{2150E333-8FDC-42A3-9474-1A3956D46DE8}") = "Message", "Message", "{190AAF29-FD9D-487D-B286-1548ABE5982B}"
EndProject
Project("{8BC9CEB8-8B4A-11D0-8D11-00A0C91BC942}") = "IO_Engine", "ServerCommon_LIB\IO_Engine\IO_Engine.vcxproj", "{C16CDE2C-4935-467D-8F27-0A125464D107}"
EndProject
Project("{8BC9CEB8-8B4A-11D0-8D11-00A0C91BC942}") = "ServerCore", "ServerCommon_LIB\ServerCore\ServerCore.vcxproj", "{6A7A8E74-5C53-4B64-8BF9-41D144A45A79}"
EndProject
Project("{2150E333-8FDC-42A3-9474-1A3956D46DE8}") = "Simple", "Simple", "{C8D5274F-AC00-46C7-1F8D-E88E81087A52}"
EndProject
Project("{8BC9CEB8-8B4A-11D0-8D11-00A0C91BC942}") = "DreamWorld_Server", "DreamWorld_Server\DreamWorld_Server.vcxproj", "{06DFEB5B-61F0-4376-918E-C4ECA428AE51}"
EndProject
Project("{8BC9CEB8-8B4A-11D0-8D11-00A0C91BC942}") = "DreamWorld_StressTest", "DreamWorld_StressTest\DreamWorld_StressTest\DreamWorld_StressTest.vcxproj", "{F0D46F91-A5C1-4EC1-BFA1-6A4F31111AE8}"
EndProject
Project("{8BC9CEB8-8B4A-11D0-8D11-00A0C91BC942}") = "SimpleEcho", "SimpleEcho\SimpleEcho.vcxproj", "{1A2BA10A-70B5-408E-94F8-3A03DF4E9637}"
EndProject
Project("{8BC9CEB8-8B4A-11D0-8D11-00A0C91BC942}") = "SimpleEchoClient", "SimpleEcho\SimpleEchoClient\SimpleEchoClient.vcxproj", "{E94DF828-E775-4D71-A414-DE22BE959E1D}"
EndProject
Project("{8BC9CEB8-8B4A-11D0-8D11-00A0C91BC942}") = "DreamWorld_StressBot", "DreamWorld_StressBot\DreamWorld_StressBot.vcxproj", "{B934AB98-8C1D-4CA0-8041-75CB212AD85C}"
EndProject
Global
	GlobalSection(SolutionConfigurationPlatforms) = preSolution
		Debug|x64 = Debug|x64
		Debug|x86 = Debug|x86
		Release|x64 = Release|x64
		Release|x86 = Release|x86
	EndGlobalSection
	GlobalSection(ProjectConfigurationPlatforms) = postSolution
		{E597FA08-2B9B-4DDC-A12C-9151A02C9863}.Debug|x64.ActiveCfg = Debug|x64
		{E597FA08-2B9B-4DDC-A12C-9151A02C9863}.Debug|x64.Build.0 = Debug|x64
		{E597FA08-2B9B-4DDC-A12C-9151A02C9863}.Debug|x86.ActiveCfg = Debug|Win32
		{E597FA08-2B9B-4DDC-A12C-9151A02C9863}.Debug|x86.Build.0 = Debug|Win32
		{E597FA08-2B9B-4DDC-A12C-9151A02C9863}.Release|x64.ActiveCfg = Release|x64
		{E597FA08-2B9B-4DDC-A12C-9151A02C9863}.Release|x64.Build.0 = Release|x64
		{E597FA08-2B9B-4DDC-A12C-9151A02C9863}.Release|x86.ActiveCfg = Release|Win32
		{E597FA08-2B9B-4DDC-A12C-9151A02C9863}.Release|x86.Build.0 = Release|Win32
		{C16CDE2C-4935-467D-8F27-0A125464D107}.Debug|x64.ActiveCfg = Debug|x64
		{C16CDE2C-4935-467D-8F27-0A125464D107}.Debug|x64.Build.0 = Debug|x64
		{C16CDE2C-4935-467D-8F27-0A125464D107}.Debug|x86.ActiveCfg = Debug|Win32
		{C16CDE2C-4935-467D-8F27-0A125464D107}.Debug|x86.Build.0 = Debug|Win32
		{C16CDE2C-4935-467D-8F27-0A125464D107}.Release|x64.ActiveCfg = Release|x64
		{C16CDE2C-4935-467D-8F27-0A125464D107}.Release|x64.Build.0 = Release|x64
		{C16CDE2C-4935-467D-8F27-0A125464D107}.Release|x86.ActiveCfg = Release|Win32
		{C16CDE2C-4935-467D-8F27-0A125464D107}.Release|x86.Build.0 = Release|Win32
		{6A7A8E74-5C53-4B64-8BF9-41D144A45A79}.Debug|x64.ActiveCfg = Debug|x64
		{6A7A8E74-5C53-4B64-8BF9-41D144A45A79}.Debug|x64.Build.0 = Debug|x64
		{6A7A8E74-5C53-4B64-8BF9-41D144A45A79}.Debug|x86.ActiveCfg = Debug|Win32
		{6A7A8E74-5C53-4B64-8BF9-41D144A45A79}.Debug|x86.Build.0 = Debug|Win32
		{6A7A8E74-5C53-4B64-8BF9-41D144A45A79}.Release|x64.ActiveCfg = Release|x64
		{6A7A8E74-5C53-4B64-8BF9-41D144A45A79}.Release|x64.Build.0 = Release|x64
		{6A7A8E74-5C53-4B64-8BF9-41D144A45A79}.Release|x86.ActiveCfg = Release|Win32
		{6A7A8E74-5C53-4B64-8BF9-41D144A45A79}.Release|x86.Build.0 = Release|Win32
		{06DFEB5B-61F0-4376-918E-C4ECA428AE51}.Debug|x64.ActiveCfg = Debug|x64
		{06DFEB5B-61F0-4376-918E-C4ECA428AE51}.Debug|x64.Build.0 = Debug|x64
		{06DFEB5B-61F0-4376-918E-C4ECA428AE51}.Debug|x86.ActiveCfg = Debug|Win32
		{06DFEB5B-61F0-4376-918E-C4ECA428AE51}.Debug|x86.Build.0 = Debug|Win32
		{06DFEB5B-61F0-4376-918E-C4ECA428AE51}.Release|x64.ActiveCfg = Release|x64
		{06DFEB5B-61F0-4376-918E-C4ECA428AE51}.Release|x64.Build.0 = Release|x64
		{06DFEB5B-61F0-4376-918E-C4ECA428AE51}.Release|x86.ActiveCfg = Release|Win32
		{06DFEB5B-61F0-4376-918E-C4ECA428AE51}.Release|x86.Build.0 = Release|Win32
		{F0D46F91-A5C1-4EC1-BFA1-6A4F31111AE8}.Debug|x64.ActiveCfg = Debug|x64
		{F0D46F91-A5C1-4EC1-BFA1-6A4F31111AE8}.Debug|x64.Build.0 = Debug|x64
		{F0D46F91-A5C1-4EC1-BFA1-6A4F31111AE8}.Debug|x86.ActiveCfg = Debug|Win32
		{F0D46F91-A5C1-4EC1-BFA1-6A4F31111AE8}.Debug|x86.Build.0 = Debug|Win32
		{F0D46F91-A5C1-4EC1-BFA1-6A4F31111AE8}.Release|x64.ActiveCfg = Release|x64
		{F0D46F91-A5C1-4EC1-BFA1-6A4F31111AE8}.Release|x64.Build.0 = Release|x64
		{F0D46F91-A5C1-4EC1-BFA1-6A4F31111AE8}.Release|x86.ActiveCfg = Release|Win32
		{F0D46F91-A5C1-4EC1-BFA1-6A4F31111AE8}.Release|x86.Build.0 = Release|Win32
		{1A2BA10A-70B5-408E-94F8-3A03DF4E9637}.Debug|x64.ActiveCfg = Debug|x64
		{1A2BA10A-70B5-408E-94F8-3A03DF4E9637}.Debug|x64.Build.0 = Debug|x64
		{1A2BA10A-70B5-408E-94F8-3A03DF4E9637}.Debug|x86.ActiveCfg = Debug|Win32
		{1A2BA10A-70B5-408E-94F8-3A03DF4E9637}.Debug|x86.Build.0 = Debug|Win32
		{1A2BA10A-70B5-408E-94F8-3A03DF4E9637}.Release|x64.ActiveCfg = Release|x64
		{1A2BA10A-70B5-408E-94F8-3A03DF4E9637}.Release|x64.Build.0 = Release|x64
		{1A2BA10A-70B5-408E-94F8-3A03DF4E9637}.Release|x86.ActiveCfg = Release|Win32
		{1A2BA10A-70B5-408E-94F8-3A03DF4E9637}.Release|x86.Build.0 = Release|Win32
		{E94DF828-E775-4D71-A414-DE22BE959E1D}.Debug|x64.ActiveCfg = Debug|x64
		{E94DF828-E775-4D71-A414-DE22BE959E1D}.Debug|x64.Build.0 = Debug|x64
		{E94DF828-E775-4D71-A414-DE22BE959E1D}.Debug|x86.ActiveCfg = Debug|Win32
		{E94DF828-E775-4D71-A414-DE22BE959E1D}.Debug|x86.Build.0 = Debug|Win32
		{E94DF828-E775-4D71-A414-DE22BE959E1D}.Release|x64.ActiveCfg = Release|x64
		{E94DF828-E775-4D71-A414-DE22BE959E1D}.Release|x64.Build.0 = Release|x64
		{E94DF828-E775-4D71-A414-DE22BE959E1D}.Release|x86.ActiveCfg = Release|Win32
		{E94DF828-E775-4D71-A414-DE22BE959E1D}.Release|x86.Build.0 = Release|Win32
		{B934AB98-8C1D-4CA0-8041-75CB212AD85C}.Debug|x64.ActiveCfg = Debug|x64
		{B934AB98-8C1D-4CA0-8041-75CB212AD85C}.Debug|x64.Build.0 = Debug|x64
		{B934AB98-8C1D-4CA0-8041-75CB212AD85C}.Debug|x86.ActiveCfg = Debug|Win32
		{B934AB98-8C1D-4CA0-8041-75CB212AD85C}.Debug|x86.Build.0 = Debug|Win32
		{B934AB98-8C1D-4CA0-8041-75CB212AD85C}.Release|x64.ActiveCfg = Release|x64
		{B934AB98-8C1D-4CA0-8041-75CB212AD85C}.Release|x64.Build.0 = Release|x64
		{B934AB98-8C1D-4CA0-8041-75CB212AD85C}.Release|x86.ActiveCfg = Release|Win32
		{B934AB98-8C1D-4CA0-8041-75CB212AD85C}.Release|x86.Build.0 = Release|Win32
	EndGlobalSection
	GlobalSection(SolutionProperties) = preSolution
		HideSolutionNode = FALSE
	EndGlobalSection
	GlobalSection(NestedProjects) = preSolution
		{E597FA08-2B9B-4DDC-A12C-9151A02C9863} = {FF517DEC-356A-4834-9625-8220312F25A0}
		{C16CDE2C-4935-467D-8F27-0A125464D107} = {FF517DEC-356A-4834-9625-8220312F25A0}
		{6A7A8E74-5C53-4B64-8BF9-41D144A45A79} = {FF517DEC-356A-4834-9625-8220312F25A0}
		{06DFEB5B-61F0-4376-918E-C4ECA428AE51} = {F8081BB5-358A-40DB-B33F-2790DF5A2BF2}
		{F0D46F91-A5C1-4EC1-BFA1-6A4F31111AE8} = {F8081BB5-358A-40DB-B33F-2790DF5A2BF2}
		{1A2BA10A-70B5-408E-94F8-3A03DF4E9637} = {C8D5274F-AC00-46C7-1F8D-E88E81087A52}
		{E94DF828-E775-4D71-A414-DE22BE959E1D} = {C8D5274F-AC00-46C7-1F8D-E88E81087A52}
		{B934AB98-8C1D-4CA0-8041-75CB212AD85C} = {F8081BB5-358A-40DB-B33F-2790DF5A2BF2}
	EndGlobalSection
	GlobalSection(ExtensibilityGlobals) = postSolution
		SolutionGuid = {DF6381F7-4434-42E9-9B1B-3F657951BD53}
	EndGlobalSection
EndGlobal
