<?xml version="1.0" encoding="utf-8"?>
<Project ToolsVersion="4.0" xmlns="http://schemas.microsoft.com/developer/msbuild/2003">
  <ItemGroup>
    <Filter Include="PCH">
      <UniqueIdentifier>{94620f69-0cf7-45a7-8f3e-7599beaaab8e}</UniqueIdentifier>
    </Filter>
    <Filter Include="Session">
      <UniqueIdentifier>{e1dbcc52-cf42-471d-b292-cc205eafc50d}</UniqueIdentifier>
    </Filter>
    <Filter Include="Session\SendContext">
      <UniqueIdentifier>{ac2e8145-62df-4cba-a79f-0028a0ffd490}</UniqueIdentifier>
    </Filter>
    <Filter Include="Session\RecvContext">
      <UniqueIdentifier>{aed1fe73-7ed7-43a2-9c2d-7fd1aec39af3}</UniqueIdentifier>
    </Filter>
    <Filter Include="Buffer">
      <UniqueIdentifier>{cf9da0b1-3813-4669-b575-71329af9cbd9}</UniqueIdentifier>
    </Filter>
    <Filter Include="Buffer\SendBuffer">
      <UniqueIdentifier>{b9d100a5-f831-4e1d-97f4-e4883a798dc7}</UniqueIdentifier>
    </Filter>
    <Filter Include="CommonDefine">
      <UniqueIdentifier>{41a0cc0d-95dd-409c-b938-06c78ac13870}</UniqueIdentifier>
    </Filter>
    <Filter Include="IO_Core">
      <UniqueIdentifier>{50cc62db-db6f-458b-babb-33088eb82492}</UniqueIdentifier>
    </Filter>
    <Filter Include="IO_Core\Acceptor">
      <UniqueIdentifier>{88a8b297-6176-41f6-950f-6826c6875374}</UniqueIdentifier>
    </Filter>
    <Filter Include="IO_Core\Listener">
      <UniqueIdentifier>{6aecfe52-c1d2-41c6-a8af-4a7d9c8ff8cb}</UniqueIdentifier>
    </Filter>
    <Filter Include="Metric">
      <UniqueIdentifier>{ef5c2e48-5484-41a7-8055-3c3b4a498117}</UniqueIdentifier>
    </Filter>
    <Filter Include="IO_Core\Connector">
      <UniqueIdentifier>{4457b665-85da-4dba-ba62-d8105d90f33c}</UniqueIdentifier>
    </Filter>
    <Filter Include="Session\UDP">
      <UniqueIdentifier>{3811a943-6284-4bf8-9ef9-48aa56d00a72}</UniqueIdentifier>
    </Filter>
    <Filter Include="Session\SendContext\SendContext">
      <UniqueIdentifier>{ed1e5a9c-0ded-4359-9c0d-858894645c1b}</UniqueIdentifier>
    </Filter>
    <Filter Include="Session\RecvContext\RecvContext">
      <UniqueIdentifier>{cadb90d1-b31f-4e3b-9984-dacc3a273cfe}</UniqueIdentifier>
    </Filter>
  </ItemGroup>
  <ItemGroup>
    <ClCompile Include="private\Buffer\SendBuffer.cpp">
      <Filter>Buffer\SendBuffer</Filter>
    </ClCompile>
    <ClCompile Include="private\IO_Core\IO_Core.cpp">
      <Filter>IO_Core</Filter>
    </ClCompile>
    <ClCompile Include="private\IO_Core\Acceptor\Acceptor.cpp">
      <Filter>IO_Core\Acceptor</Filter>
    </ClCompile>
    <ClCompile Include="private\IO_Core\Acceptor\AcceptEvent.cpp">
      <Filter>IO_Core\Acceptor</Filter>
    </ClCompile>
    <ClCompile Include="private\IO_Core\Listener\Listener.cpp">
      <Filter>IO_Core\Listener</Filter>
    </ClCompile>
    <ClCompile Include="private\IO_Metric\IO_Metric.cpp">
      <Filter>Metric</Filter>
    </ClCompile>
    <ClCompile Include="private\Connector\AsyncConnector.cpp">
      <Filter>IO_Core\Connector</Filter>
    </ClCompile>
    <ClCompile Include="private\Connector\Connector.cpp">
      <Filter>IO_Core\Connector</Filter>
    </ClCompile>
    <ClCompile Include="private\Session\RecvContext\TCP_RecvContext.cpp">
      <Filter>Session\RecvContext\RecvContext</Filter>
    </ClCompile>
    <ClCompile Include="private\Session\RecvContext\UDP_RecvContext.cpp">
      <Filter>Session\RecvContext\RecvContext</Filter>
    </ClCompile>
    <ClCompile Include="private\Session\SendContext\TCP_SendContext.cpp">
      <Filter>Session\SendContext\SendContext</Filter>
    </ClCompile>
    <ClCompile Include="private\Session\SendContext\UDP_SendContext.cpp">
      <Filter>Session\SendContext\SendContext</Filter>
    </ClCompile>
    <ClCompile Include="private\Session\UDP\UDP_Sender.cpp">
      <Filter>Session\UDP</Filter>
    </ClCompile>
    <ClCompile Include="private\Session\UDP\UDP_Receiver.cpp">
      <Filter>Session\UDP</Filter>
    </ClCompile>
    <ClCompile Include="private\Session\TCP_ISession.cpp">
      <Filter>Session</Filter>
    </ClCompile>
    <ClCompile Include="private\Session\UDP_IAgent.cpp" />
    <ClCompile Include="private\Session\UDP_ISession.cpp">
      <Filter>Session</Filter>
    </ClCompile>
  </ItemGroup>
  <ItemGroup>
    <ClInclude Include="public\Buffer\SendBuffer.h">
      <Filter>Buffer\SendBuffer</Filter>
    </ClInclude>
    <ClInclude Include="public\Buffer\SendBufferPool.h">
      <Filter>Buffer\SendBuffer</Filter>
    </ClInclude>
    <ClInclude Include="public\CommonDefine.h">
      <Filter>CommonDefine</Filter>
    </ClInclude>
    <ClInclude Include="public\IO_Core\IO_Core.h">
      <Filter>IO_Core</Filter>
    </ClInclude>
    <ClInclude Include="public\IO_Core\Acceptor\Acceptor.h">
      <Filter>IO_Core\Acceptor</Filter>
    </ClInclude>
    <ClInclude Include="public\IO_Core\Acceptor\AcceptEvent.h">
      <Filter>IO_Core\Acceptor</Filter>
    </ClInclude>
    <ClInclude Include="public\IO_Core\Listener\Listener.h">
      <Filter>IO_Core\Listener</Filter>
    </ClInclude>
    <ClInclude Include="public\PCH\pch.h">
      <Filter>PCH</Filter>
    </ClInclude>
    <ClInclude Include="public\IO_Core\ThWorkerJobPool.h">
      <Filter>IO_Core</Filter>
    </ClInclude>
    <ClInclude Include="public\IO_Metric\IO_Metric.h">
      <Filter>Metric</Filter>
    </ClInclude>
    <ClInclude Include="public\IO_Core\Connector\AsyncConnector.h">
      <Filter>IO_Core\Connector</Filter>
    </ClInclude>
    <ClInclude Include="public\IO_Core\Connector\Connector.h">
      <Filter>IO_Core\Connector</Filter>
    </ClInclude>
    <ClInclude Include="public\Session\RecvContext\IRecvContext.h">
      <Filter>Session\RecvContext\RecvContext</Filter>
    </ClInclude>
    <ClInclude Include="public\Session\RecvContext\TCP_RecvContext.h">
      <Filter>Session\RecvContext\RecvContext</Filter>
    </ClInclude>
    <ClInclude Include="public\Session\RecvContext\UDP_RecvContext.h">
      <Filter>Session\RecvContext\RecvContext</Filter>
    </ClInclude>
    <ClInclude Include="public\Session\SendContext\TCP_SendContext.h">
      <Filter>Session\SendContext\SendContext</Filter>
    </ClInclude>
    <ClInclude Include="public\Session\SendContext\UDP_SendContext.h">
      <Filter>Session\SendContext\SendContext</Filter>
    </ClInclude>
    <ClInclude Include="public\Session\SendContext\ISendContext.h">
      <Filter>Session\SendContext\SendContext</Filter>
    </ClInclude>
    <ClInclude Include="public\Session\UDP\UDP_Sender.h">
      <Filter>Session\UDP</Filter>
    </ClInclude>
    <ClInclude Include="public\Session\UDP\UDP_Receiver.h">
      <Filter>Session\UDP</Filter>
    </ClInclude>
    <ClInclude Include="public\Session\TCP_ISession.h">
      <Filter>Session</Filter>
    </ClInclude>
    <ClInclude Include="public\Session\UDP_IAgent.h" />
    <ClInclude Include="public\Session\UDP_ISession.h">
      <Filter>Session</Filter>
    </ClInclude>
  </ItemGroup>
  <ItemGroup>
    <None Include="packages.config" />
  </ItemGroup>
</Project>