<?xml version="1.0" encoding="utf-8"?>
<Project ToolsVersion="4.0" xmlns="http://schemas.microsoft.com/developer/msbuild/2003">
  <ItemGroup>
    <Filter Include="PCH">
      <UniqueIdentifier>{d65f0c35-b6f5-41f7-a1a8-d5c230df8689}</UniqueIdentifier>
    </Filter>
    <Filter Include="DB">
      <UniqueIdentifier>{67488753-1084-4e91-a43b-a7d2dc66a6bf}</UniqueIdentifier>
    </Filter>
    <Filter Include="Timer">
      <UniqueIdentifier>{cf8ae021-9f8f-43cb-bc14-3e832e28ebfe}</UniqueIdentifier>
    </Filter>
    <Filter Include="InGame">
      <UniqueIdentifier>{01b795a2-581c-4218-a79a-bc5b226f5d0b}</UniqueIdentifier>
    </Filter>
    <Filter Include="InGame\GameObject">
      <UniqueIdentifier>{b68ea826-14ee-48e8-9784-1fefb05b8c18}</UniqueIdentifier>
    </Filter>
    <Filter Include="InGame\GameObject\Character">
      <UniqueIdentifier>{0c5bab66-5984-4d4f-882f-81cbbc34b946}</UniqueIdentifier>
    </Filter>
    <Filter Include="InGame\GameObject\Projectile">
      <UniqueIdentifier>{94516b9f-875b-4433-b645-45e961910c70}</UniqueIdentifier>
    </Filter>
    <Filter Include="InGame\GameObject\Monster">
      <UniqueIdentifier>{3ba49b98-7b73-4a76-80e7-ea99cc3d1eda}</UniqueIdentifier>
    </Filter>
    <Filter Include="InGame\Room">
      <UniqueIdentifier>{a13be899-e830-47cb-8b85-8dfe2f61fd3b}</UniqueIdentifier>
    </Filter>
    <Filter Include="InGame\Match">
      <UniqueIdentifier>{6ed44798-c081-4f3b-ba5f-2ded23df14a0}</UniqueIdentifier>
    </Filter>
    <Filter Include="InGame\MapData">
      <UniqueIdentifier>{cc4ba47b-4988-4ef1-8eb5-0fc85941872c}</UniqueIdentifier>
    </Filter>
    <Filter Include="InGame\MapData\MapCollision">
      <UniqueIdentifier>{bee417fd-7ad1-4336-a81a-e4e9ab2b56d0}</UniqueIdentifier>
    </Filter>
    <Filter Include="InGame\MapData\NavMesh">
      <UniqueIdentifier>{89e3ff2e-7f9b-4e36-a113-f526addca1d4}</UniqueIdentifier>
    </Filter>
    <Filter Include="InGame\MapData\NavMesh\QuadTree">
      <UniqueIdentifier>{c9a2ce1f-f4c8-4e06-8c72-1bee0f76222c}</UniqueIdentifier>
    </Filter>
    <Filter Include="InGame\MapData\AstarNode">
      <UniqueIdentifier>{50fb30c7-3a37-45cd-b451-ae31d6fd4160}</UniqueIdentifier>
    </Filter>
    <Filter Include="ThreadManager">
      <UniqueIdentifier>{6b7867fe-0028-450a-9f76-5ae24b5c710f}</UniqueIdentifier>
    </Filter>
    <Filter Include="InGame\EventController">
      <UniqueIdentifier>{e628f111-77cb-42ba-ab33-4a374f5f9688}</UniqueIdentifier>
    </Filter>
    <Filter Include="InGame\GameObject\Monster\BossEvent">
      <UniqueIdentifier>{2efaaa55-3541-4fb9-b797-b201ab9964e1}</UniqueIdentifier>
    </Filter>
    <Filter Include="Server">
      <UniqueIdentifier>{2a662e64-2652-4fc7-9bc2-7432b3ae59ee}</UniqueIdentifier>
    </Filter>
    <Filter Include="LogManager">
      <UniqueIdentifier>{7369c46a-ddca-433b-b9f0-b26d7c9d5433}</UniqueIdentifier>
    </Filter>
    <Filter Include="MsgDispatcher">
      <UniqueIdentifier>{e946ddf0-360d-4f10-9d46-7ecef6e88cba}</UniqueIdentifier>
    </Filter>
    <Filter Include="ObjectPools">
      <UniqueIdentifier>{d16c6ba0-1a7e-4c11-80f8-945ea66deb15}</UniqueIdentifier>
    </Filter>
    <Filter Include="Timer\TimerJob">
      <UniqueIdentifier>{a3175507-e8a9-4aaa-bf71-7d52b3ad0ca3}</UniqueIdentifier>
    </Filter>
    <Filter Include="Session">
      <UniqueIdentifier>{1c05ab28-1e77-4534-b2bb-2f11d19bdde9}</UniqueIdentifier>
    </Filter>
  </ItemGroup>
  <ItemGroup>
    <ClCompile Include="PCH\stdafx.cpp">
      <Filter>PCH</Filter>
    </ClCompile>
    <ClCompile Include="Timer\Timer.cpp">
      <Filter>Timer</Filter>
    </ClCompile>
    <ClCompile Include="main.cpp" />
    <ClCompile Include="GameObject\GameObject.cpp">
      <Filter>InGame\GameObject</Filter>
    </ClCompile>
    <ClCompile Include="GameObject\Projectile\ProjectileObject.cpp">
      <Filter>InGame\GameObject\Projectile</Filter>
    </ClCompile>
    <ClCompile Include="GameObject\Projectile\MeteoObject.cpp">
      <Filter>InGame\GameObject\Projectile</Filter>
    </ClCompile>
    <ClCompile Include="GameObject\Character\ChracterObject.cpp">
      <Filter>InGame\GameObject\Character</Filter>
    </ClCompile>
    <ClCompile Include="GameObject\Monster\MonsterObject.cpp">
      <Filter>InGame\GameObject\Monster</Filter>
    </ClCompile>
    <ClCompile Include="GameObject\Monster\SmallMonsterObject.cpp">
      <Filter>InGame\GameObject\Monster</Filter>
    </ClCompile>
    <ClCompile Include="MapData\MapData.cpp">
      <Filter>InGame\MapData</Filter>
    </ClCompile>
    <ClCompile Include="MapData\MapCollision\MapCollision.cpp">
      <Filter>InGame\MapData\MapCollision</Filter>
    </ClCompile>
    <ClCompile Include="MapData\NavMeshQuadTree\NavMeshQuadTree.cpp">
      <Filter>InGame\MapData\NavMesh\QuadTree</Filter>
    </ClCompile>
    <ClCompile Include="MapData\TriangleMesh\TriangleNavMesh.cpp">
      <Filter>InGame\MapData\NavMesh</Filter>
    </ClCompile>
    <ClCompile Include="MapData\AstarNode\AstarNode.cpp">
      <Filter>InGame\MapData\AstarNode</Filter>
    </ClCompile>
    <ClCompile Include="Timer\TimerJob.cpp">
      <Filter>Timer\TimerJob</Filter>
    </ClCompile>
    <ClCompile Include="Match\MatchQueue.cpp">
      <Filter>InGame\Match</Filter>
    </ClCompile>
    <ClCompile Include="Match\Matching.cpp">
      <Filter>InGame\Match</Filter>
    </ClCompile>
    <ClCompile Include="GameObject\Monster\BossMonsterObject.cpp">
      <Filter>InGame\GameObject\Monster</Filter>
    </ClCompile>
    <ClCompile Include="GameObject\EventController\CoolDownEventBase.cpp">
      <Filter>InGame\EventController</Filter>
    </ClCompile>
    <ClCompile Include="GameObject\EventController\DurationEvent.cpp">
      <Filter>InGame\EventController</Filter>
    </ClCompile>
    <ClCompile Include="GameObject\EventController\EventController.cpp">
      <Filter>InGame\EventController</Filter>
    </ClCompile>
    <ClCompile Include="GameObject\Character\PlayerSkill.cpp">
      <Filter>InGame\EventController</Filter>
    </ClCompile>
    <ClCompile Include="GameObject\Character\Archer\ArcherObject.cpp">
      <Filter>InGame\GameObject\Character</Filter>
    </ClCompile>
    <ClCompile Include="GameObject\Character\Mage\MageObject.cpp">
      <Filter>InGame\GameObject\Character</Filter>
    </ClCompile>
    <ClCompile Include="GameObject\Character\Tanker\TankerObject.cpp">
      <Filter>InGame\GameObject\Character</Filter>
    </ClCompile>
    <ClCompile Include="GameObject\Character\Warrior\WarriorObject.cpp">
      <Filter>InGame\GameObject\Character</Filter>
    </ClCompile>
    <ClCompile Include="GameObject\Monster\BossEvent.cpp">
      <Filter>InGame\GameObject\Monster\BossEvent</Filter>
    </ClCompile>
    <ClCompile Include="Server\Server.cpp">
      <Filter>Server</Filter>
    </ClCompile>
    <ClCompile Include="Network\Session\Session.cpp">
      <Filter>Session</Filter>
    </ClCompile>
    <ClCompile Include="Network\Session\SessionMananger.cpp">
      <Filter>Session</Filter>
    </ClCompile>
    <ClCompile Include="DB\DBThreadPool.cpp">
      <Filter>DB</Filter>
    </ClCompile>
    <ClCompile Include="DB\DBConnectionManager.cpp">
      <Filter>DB</Filter>
    </ClCompile>
    <ClCompile Include="DB\DBConnection.cpp">
      <Filter>DB</Filter>
    </ClCompile>
    <ClCompile Include="LogManager\LogManager.cpp">
      <Filter>LogManager</Filter>
    </ClCompile>
    <ClCompile Include="DB\DBJobBase.cpp">
      <Filter>DB</Filter>
    </ClCompile>
    <ClCompile Include="Room\RoomThreadPool.cpp">
      <Filter>InGame\Room</Filter>
    </ClCompile>
    <ClCompile Include="Room\RoomMsgDispatcher.cpp">
      <Filter>InGame\Room</Filter>
    </ClCompile>
    <ClCompile Include="MsgDispatcher\MsgDispatcher.cpp">
      <Filter>MsgDispatcher</Filter>
    </ClCompile>
    <ClCompile Include="Room\Room.cpp">
      <Filter>InGame\Room</Filter>
    </ClCompile>
    <ClCompile Include="Room\RoomManager.cpp">
      <Filter>InGame\Room</Filter>
    </ClCompile>
    <ClCompile Include="Room\RoomBase.cpp">
      <Filter>InGame\Room</Filter>
    </ClCompile>
    <ClCompile Include="DB\DBPlayerLogin.cpp">
      <Filter>DB</Filter>
    </ClCompile>
    <ClCompile Include="DreamWorldDefine.cpp" />
    <ClCompile Include="Server\server_MsgHandler.cpp">
      <Filter>Server</Filter>
    </ClCompile>
    <ClCompile Include="ObjectPools.cpp">
      <Filter>ObjectPools</Filter>
    </ClCompile>
    <ClCompile Include="Server\ServerConfig.cpp">
      <Filter>Server</Filter>
    </ClCompile>
  </ItemGroup>
  <ItemGroup>
    <ClInclude Include="PCH\stdafx.h">
      <Filter>PCH</Filter>
    </ClInclude>
    <ClInclude Include="Timer\Timer.h">
      <Filter>Timer</Filter>
    </ClInclude>
    <ClInclude Include="GameObject\GameObject.h">
      <Filter>InGame\GameObject</Filter>
    </ClInclude>
    <ClInclude Include="GameObject\Projectile\ProjectileObject.h">
      <Filter>InGame\GameObject\Projectile</Filter>
    </ClInclude>
    <ClInclude Include="GameObject\Projectile\MeteoObject.h">
      <Filter>InGame\GameObject\Projectile</Filter>
    </ClInclude>
    <ClInclude Include="GameObject\Character\ChracterObject.h">
      <Filter>InGame\GameObject\Character</Filter>
    </ClInclude>
    <ClInclude Include="GameObject\Monster\MonsterObject.h">
      <Filter>InGame\GameObject\Monster</Filter>
    </ClInclude>
    <ClInclude Include="GameObject\Monster\SmallMonsterObject.h">
      <Filter>InGame\GameObject\Monster</Filter>
    </ClInclude>
    <ClInclude Include="MapData\MapData.h">
      <Filter>InGame\MapData</Filter>
    </ClInclude>
    <ClInclude Include="MapData\MapCollision\MapCollision.h">
      <Filter>InGame\MapData\MapCollision</Filter>
    </ClInclude>
    <ClInclude Include="MapData\NavMeshQuadTree\NavMeshQuadTree.h">
      <Filter>InGame\MapData\NavMesh\QuadTree</Filter>
    </ClInclude>
    <ClInclude Include="MapData\TriangleMesh\TriangleNavMesh.h">
      <Filter>InGame\MapData\NavMesh</Filter>
    </ClInclude>
    <ClInclude Include="MapData\AstarNode\AstarNode.h">
      <Filter>InGame\MapData\AstarNode</Filter>
    </ClInclude>
    <ClInclude Include="SingletonBase.h" />
    <ClInclude Include="Timer\TimerJob.h">
      <Filter>Timer\TimerJob</Filter>
    </ClInclude>
    <ClInclude Include="Match\MatchQueue.h">
      <Filter>InGame\Match</Filter>
    </ClInclude>
    <ClInclude Include="Match\Matching.h">
      <Filter>InGame\Match</Filter>
    </ClInclude>
    <ClInclude Include="ThreadManager\ThreadManager.h">
      <Filter>ThreadManager</Filter>
    </ClInclude>
    <ClInclude Include="GameObject\Monster\BossMonsterObject.h">
      <Filter>InGame\GameObject\Monster</Filter>
    </ClInclude>
    <ClInclude Include="GameObject\EventController\CoolDownEventBase.h">
      <Filter>InGame\EventController</Filter>
    </ClInclude>
    <ClInclude Include="GameObject\EventController\DurationEvent.h">
      <Filter>InGame\EventController</Filter>
    </ClInclude>
    <ClInclude Include="GameObject\EventController\EventController.h">
      <Filter>InGame\EventController</Filter>
    </ClInclude>
    <ClInclude Include="GameObject\Character\PlayerSkill.h">
      <Filter>InGame\EventController</Filter>
    </ClInclude>
    <ClInclude Include="GameObject\Character\Archer\ArcherObject.h">
      <Filter>InGame\GameObject\Character</Filter>
    </ClInclude>
    <ClInclude Include="GameObject\Character\Mage\MageObject.h">
      <Filter>InGame\GameObject\Character</Filter>
    </ClInclude>
    <ClInclude Include="GameObject\Character\Tanker\TankerObject.h">
      <Filter>InGame\GameObject\Character</Filter>
    </ClInclude>
    <ClInclude Include="GameObject\Character\Warrior\WarriorObject.h">
      <Filter>InGame\GameObject\Character</Filter>
    </ClInclude>
    <ClInclude Include="GameObject\Monster\BossEvent.h">
      <Filter>InGame\GameObject\Monster\BossEvent</Filter>
    </ClInclude>
    <ClInclude Include="Server\Server.h">
      <Filter>Server</Filter>
    </ClInclude>
    <ClInclude Include="Network\Session\Session.h">
      <Filter>Session</Filter>
    </ClInclude>
    <ClInclude Include="Network\Session\SessionMananger.h">
      <Filter>Session</Filter>
    </ClInclude>
    <ClInclude Include="DB\DBThreadPool.h">
      <Filter>DB</Filter>
    </ClInclude>
    <ClInclude Include="DB\DBConnectionManager.h">
      <Filter>DB</Filter>
    </ClInclude>
    <ClInclude Include="DB\DBConnection.h">
      <Filter>DB</Filter>
    </ClInclude>
    <ClInclude Include="LogManager\LogManager.h">
      <Filter>LogManager</Filter>
    </ClInclude>
    <ClInclude Include="DB\DBJobBase.h">
      <Filter>DB</Filter>
    </ClInclude>
    <ClInclude Include="Room\RoomThreadPool.h">
      <Filter>InGame\Room</Filter>
    </ClInclude>
    <ClInclude Include="Room\RoomMsgDispatcher.h">
      <Filter>InGame\Room</Filter>
    </ClInclude>
    <ClInclude Include="MsgDispatcher\MsgDispatcher.h">
      <Filter>MsgDispatcher</Filter>
    </ClInclude>
    <ClInclude Include="DreamWorldDefine.h" />
    <ClInclude Include="Room\Room.h">
      <Filter>InGame\Room</Filter>
    </ClInclude>
    <ClInclude Include="Room\RoomManager.h">
      <Filter>InGame\Room</Filter>
    </ClInclude>
    <ClInclude Include="Room\RoomBase.h">
      <Filter>InGame\Room</Filter>
    </ClInclude>
    <ClInclude Include="DB\DBPlayerLogin.h">
      <Filter>DB</Filter>
    </ClInclude>
    <ClInclude Include="ObjectPools.h">
      <Filter>ObjectPools</Filter>
    </ClInclude>
    <ClInclude Include="Server\MsgProtocol.h">
      <Filter>Server</Filter>
    </ClInclude>
    <ClInclude Include="Server\ServerConfig.h">
      <Filter>Server</Filter>
    </ClInclude>
  </ItemGroup>
  <ItemGroup>
    <None Include="packages.config" />
  </ItemGroup>
</Project>